PODS:
  - Alamofire (4.7.2)
  - AWSCore (2.6.19)
  - AWSS3 (2.6.19):
    - AWSCore (= 2.6.19)
  - Bolts (1.9.0):
    - Bolts/AppLinks (= 1.9.0)
    - Bolts/Tasks (= 1.9.0)
  - Bolts/AppLinks (1.9.0):
    - Bolts/Tasks
  - Bolts/Tasks (1.9.0)
  - BoringSSL (10.0.3):
    - BoringSSL/Implementation (= 10.0.3)
    - BoringSSL/Interface (= 10.0.3)
  - BoringSSL/Implementation (10.0.3):
    - BoringSSL/Interface (= 10.0.3)
  - BoringSSL/Interface (10.0.3)
  - ChameleonFramework/Default (2.1.0)
  - ChameleonFramework/Swift (2.1.0):
    - ChameleonFramework/Default
  - FacebookCore (0.3.0):
    - Bolts (~> 1.8)
    - FBSDKCoreKit (~> 4.27)
  - FacebookLogin (0.3.0):
    - Bolts (~> 1.8)
    - FacebookCore (~> 0.3)
    - FBSDKCoreKit (~> 4.27)
    - FBSDKLoginKit (~> 4.27)
  - FacebookShare (0.3.0):
    - Bolts (~> 1.8)
    - FacebookCore (~> 0.3)
    - FBSDKCoreKit (~> 4.27)
    - FBSDKShareKit (~> 4.27)
  - FBSDKCoreKit (4.33.0):
    - Bolts (~> 1.7)
  - FBSDKLoginKit (4.33.0):
    - FBSDKCoreKit
  - FBSDKShareKit (4.33.0):
    - FBSDKCoreKit (~> 4.33.0)
  - Firebase (5.0.1):
    - Firebase/Core (= 5.0.1)
  - Firebase/Auth (5.0.1):
    - Firebase/CoreOnly
    - FirebaseAuth (= 5.0.0)
  - Firebase/Core (5.0.1):
    - Firebase/CoreOnly
    - FirebaseAnalytics (= 5.0.0)
  - Firebase/CoreOnly (5.0.1):
    - FirebaseCore (= 5.0.1)
  - Firebase/Database (5.0.1):
    - Firebase/CoreOnly
    - FirebaseDatabase (= 5.0.0)
  - Firebase/Firestore (5.0.1):
    - Firebase/CoreOnly
    - FirebaseFirestore (= 0.12.1)
  - Firebase/Storage (5.0.1):
    - Firebase/CoreOnly
    - FirebaseStorage (= 3.0.0)
  - FirebaseAnalytics (5.0.0):
    - FirebaseCore (~> 5.0)
    - FirebaseInstanceID (~> 3.0)
    - GoogleToolboxForMac/NSData+zlib (~> 2.1)
    - nanopb (~> 0.3)
  - FirebaseAuth (5.0.0):
    - FirebaseCore (~> 5.0)
    - GTMSessionFetcher/Core (~> 1.1)
  - FirebaseCore (5.0.1):
    - GoogleToolboxForMac/NSData+zlib (~> 2.1)
  - FirebaseDatabase (5.0.0):
    - FirebaseCore (~> 5.0)
    - leveldb-library (~> 1.18)
  - FirebaseFirestore (0.12.1):
    - FirebaseCore (~> 5.0)
    - FirebaseFirestore/abseil-cpp (= 0.12.1)
    - gRPC-ProtoRPC (~> 1.0)
    - leveldb-library (~> 1.18)
    - Protobuf (~> 3.1)
  - FirebaseFirestore/abseil-cpp (0.12.1):
    - FirebaseCore (~> 5.0)
    - gRPC-ProtoRPC (~> 1.0)
    - leveldb-library (~> 1.18)
    - Protobuf (~> 3.1)
  - FirebaseInstanceID (3.0.0):
    - FirebaseCore (~> 5.0)
  - FirebaseStorage (3.0.0):
    - FirebaseCore (~> 5.0)
    - GTMSessionFetcher/Core (~> 1.1)
  - GoogleMaps (2.7.0):
    - GoogleMaps/Maps (= 2.7.0)
  - GoogleMaps/Base (2.7.0)
  - GoogleMaps/Maps (2.7.0):
    - GoogleMaps/Base
  - GooglePlacePicker (2.7.0):
    - GoogleMaps (= 2.7.0)
    - GooglePlaces (= 2.7.0)
  - GooglePlaces (2.7.0):
    - GoogleMaps/Base (= 2.7.0)
  - GoogleToolboxForMac/Defines (2.1.4)
  - GoogleToolboxForMac/NSData+zlib (2.1.4):
    - GoogleToolboxForMac/Defines (= 2.1.4)
  - gRPC (1.12.0):
    - gRPC-RxLibrary (= 1.12.0)
    - gRPC/Main (= 1.12.0)
  - gRPC-Core (1.12.0):
    - gRPC-Core/Implementation (= 1.12.0)
    - gRPC-Core/Interface (= 1.12.0)
  - gRPC-Core/Implementation (1.12.0):
    - BoringSSL (~> 10.0)
    - gRPC-Core/Interface (= 1.12.0)
    - nanopb (~> 0.3)
  - gRPC-Core/Interface (1.12.0)
  - gRPC-ProtoRPC (1.12.0):
    - gRPC (= 1.12.0)
    - gRPC-RxLibrary (= 1.12.0)
    - Protobuf (~> 3.0)
  - gRPC-RxLibrary (1.12.0)
  - gRPC/Main (1.12.0):
    - gRPC-Core (= 1.12.0)
    - gRPC-RxLibrary (= 1.12.0)
  - GTMSessionFetcher/Core (1.1.15)
  - HTagView (3.0.1)
  - IQKeyboardManager (6.0.3)
  - leveldb-library (1.20)
  - MapKitGoogleStyler (0.1.1)
  - nanopb (0.3.8):
    - nanopb/decode (= 0.3.8)
    - nanopb/encode (= 0.3.8)
  - nanopb/decode (0.3.8)
  - nanopb/encode (0.3.8)
  - ObjectMapper (3.1.0)
  - PageMenu (2.0.0)
  - Parse (1.17.1):
    - Parse/Core (= 1.17.1)
  - Parse/Core (1.17.1):
    - Bolts/Tasks (~> 1.9)
  - Protobuf (3.5.0)
  - SDWebImage (4.3.3):
    - SDWebImage/Core (= 4.3.3)
  - SDWebImage/Core (4.3.3)
  - SearchTextField (1.0.10)
  - SideMenu (4.0.0)
  - SVProgressHUD (2.2.5)
  - SwiftyJSON (4.1.0)
  - TBDropdownMenu (3.0.1)
  - ZAlertView (1.0.4)

DEPENDENCIES:
  - Alamofire (~> 4.0)
  - AWSS3
  - Bolts
  - ChameleonFramework/Swift (from `https://github.com/ViccAlexander/Chameleon.git`)
  - FacebookCore
  - FacebookLogin
  - FacebookShare
  - Firebase
  - Firebase/Auth
  - Firebase/Core
  - Firebase/Database
  - Firebase/Firestore
  - Firebase/Storage
  - GoogleMaps
  - GooglePlacePicker
  - GooglePlaces
  - HTagView
  - IQKeyboardManager
  - MapKitGoogleStyler
  - ObjectMapper (~> 3.1)
  - PageMenu
  - Parse
  - SDWebImage
  - SearchTextField (~> 1.0.2)
  - SideMenu
  - SVProgressHUD
  - SwiftyJSON
  - TBDropdownMenu
  - ZAlertView

EXTERNAL SOURCES:
  ChameleonFramework:
    :git: https://github.com/ViccAlexander/Chameleon.git

CHECKOUT OPTIONS:
  ChameleonFramework:
    :commit: 6dd284bde21ea2e7f9fd89bc36f40df16e16369d
    :git: https://github.com/ViccAlexander/Chameleon.git

SPEC CHECKSUMS:
  Alamofire: e4fa87002c137ba2d8d634d2c51fabcda0d5c223
  AWSCore: 3019940607dee2a467e0a8de638649d9fcb9afc3
  AWSS3: 003ab3d5b42cd512d812d9227cd927d0345b739b
  Bolts: ac6567323eac61e203f6a9763667d0f711be34c8
  BoringSSL: c46efb47593135382bc0934196f16d2f726f5f36
  ChameleonFramework: d21a3cc247abfe5e37609a283a8238b03575cf64
  FacebookCore: 3ffa190a3f1f96cec0e44d3fc221bc322c595ffa
  FacebookLogin: 0af839ea858faef99550d16596b87b4a8e8906e6
  FacebookShare: 0469964297ebd75f052be2c5083389a4208e82b7
  FBSDKCoreKit: 572b047a7e029bc44542bcf8a59414e7ff2b543e
  FBSDKLoginKit: 88cb456349cfb3b554427ce4f8b43729d85dfb40
  FBSDKShareKit: 1869cb24db2cea90666a50cb9d568deb38e2d16e
  Firebase: d6861c2059d8c32d1e6dd8932e22ada346d90a3a
  FirebaseAnalytics: 19812b49fa5f283dd6b23edf8a14b5d477029ab8
  FirebaseAuth: acbeef02fe7c3a26624e309849f3fe30c84115af
  FirebaseCore: cafc814b2d84fc8733f09e653041cc2165332ad7
  FirebaseDatabase: 697eb53e5b4fe7cd4fa8756c1f82a9fca011345f
  FirebaseFirestore: f686b8e83f3cf8bbc37db6e98e01029a14f01f55
  FirebaseInstanceID: 83e0040351565df711a5db3d8ebe5ea21aca998a
  FirebaseStorage: 7ca4bb7b58a25fa647b04f524033fc7cb7eb272b
  GoogleMaps: f79af95cb24d869457b1f961c93d3ce8b2f3b848
  GooglePlacePicker: 59ea44db173c58486ad6123993e81feefcbce9c3
  GooglePlaces: 3d06e6c99654545b4738ce49648745779c25f2ef
  GoogleToolboxForMac: 91c824d21e85b31c2aae9bb011c5027c9b4e738f
  gRPC: 9362451032695e2dfb7bafcd3740e3a27939e4ff
  gRPC-Core: 9696b220565b283e021cf2722d473a4a74b7622a
  gRPC-ProtoRPC: a1bd56fb1991a8dae4581250d7259eddabb66779
  gRPC-RxLibrary: 1ed5314e8b38cd6e55c9bfa048387136ae925ce9
  GTMSessionFetcher: 5fa5b80fd20e439ef5f545fb2cb3ca6c6714caa2
  HTagView: de2694af9400d9ef7e8e2bb05da2481572a56257
  IQKeyboardManager: c390e612f4b98c8fd748016470138537dc163ead
  leveldb-library: 08cba283675b7ed2d99629a4bc5fd052cd2bb6a5
  MapKitGoogleStyler: 8efdceb664fc1748a62a9e3b50a34b67a34247bc
  nanopb: 5601e6bca2dbf1ed831b519092ec110f66982ca3
  ObjectMapper: 20505058f54e5c3ca69e1d6de9897d152a5369a6
  PageMenu: 9c38fd7e0d9ef4b1408320f55bb907bbc0e538dc
  Parse: d3edaf8c7c722cb33cb83ba7821d015ae32d362d
  Protobuf: 8a9838fba8dae3389230e1b7f8c104aa32389c03
  SDWebImage: de4d90b5bff3571eae7bd16202b1f43135409fa5
  SearchTextField: e271b2719880f907045e30ed3bef02fc4418c877
  SideMenu: 70ee5657df63ec3382660ec4ef470bf1cf5db07d
  SVProgressHUD: 1428aafac632c1f86f62aa4243ec12008d7a51d6
  SwiftyJSON: c29297daf073d2aa016295d5809cdd68045c39b3
  TBDropdownMenu: 249cd68a53289c32c600a292c568428d4f5cd613
  ZAlertView: 59fffdb4e37a01df461835566d5101052b8af953

PODFILE CHECKSUM: 227134517a1ac8f13349d3118e03f651d362f628

COCOAPODS: 1.4.0
